PODS:
  - Alamofire (5.6.1)
  - TinyConstraints (4.0.2)

DEPENDENCIES:
  - Alamofire
  - TinyConstraints

SPEC REPOS:
  trunk:
    - Alamofire
    - TinyConstraints

SPEC CHECKSUMS:
  Alamofire: 87bd8c952f9a4454320fce00d9cc3de57bcadaf5
  TinyConstraints: 7b7ccc0c485bb3bb47082138ff28bc33cd49897f

PODFILE CHECKSUM: 3d4fad8564667ee751f4163be821e721653b854d

COCOAPODS: 1.11.3
