// !$*UTF8*$!
{
	archiveVersion = 1;
	classes = {
	};
	objectVersion = 55;
	objects = {

/* Begin PBXBuildFile section */
		6B6B418E09CF4B57615B645D /* Pods_Basic_Note_Application.framework in Frameworks */ = {isa = PBXBuildFile; fileRef = D3EDDE0E0456ACAB0A51CA4D /* Pods_Basic_Note_Application.framework */; };
		9C0FD6D128D5059800F0EFF2 /* AppDelegate.swift in Sources */ = {isa = PBXBuildFile; fileRef = 9C0FD6D028D5059800F0EFF2 /* AppDelegate.swift */; };
		9C0FD6D328D5059800F0EFF2 /* SceneDelegate.swift in Sources */ = {isa = PBXBuildFile; fileRef = 9C0FD6D228D5059800F0EFF2 /* SceneDelegate.swift */; };
		9C0FD6D528D5059800F0EFF2 /* RegisterViewController.swift in Sources */ = {isa = PBXBuildFile; fileRef = 9C0FD6D428D5059800F0EFF2 /* RegisterViewController.swift */; };
		9C0FD6DA28D5059E00F0EFF2 /* Assets.xcassets in Resources */ = {isa = PBXBuildFile; fileRef = 9C0FD6D928D5059E00F0EFF2 /* Assets.xcassets */; };
		9C0FD6DD28D5059E00F0EFF2 /* LaunchScreen.storyboard in Resources */ = {isa = PBXBuildFile; fileRef = 9C0FD6DB28D5059E00F0EFF2 /* LaunchScreen.storyboard */; };
		9C0FD6E528D505F300F0EFF2 /* RegisterViewModel.swift in Sources */ = {isa = PBXBuildFile; fileRef = 9C0FD6E428D505F300F0EFF2 /* RegisterViewModel.swift */; };
		9C2826FC28EF6DEA00806BC2 /* JosefinSans-Italic-VariableFont_wght.ttf in Resources */ = {isa = PBXBuildFile; fileRef = 9C2826E928EF6DEA00806BC2 /* JosefinSans-Italic-VariableFont_wght.ttf */; };
		9C2826FD28EF6DEA00806BC2 /* JosefinSans-Italic.ttf in Resources */ = {isa = PBXBuildFile; fileRef = 9C2826EB28EF6DEA00806BC2 /* JosefinSans-Italic.ttf */; };
		9C2826FE28EF6DEA00806BC2 /* JosefinSans-Thin.ttf in Resources */ = {isa = PBXBuildFile; fileRef = 9C2826EC28EF6DEA00806BC2 /* JosefinSans-Thin.ttf */; };
		9C2826FF28EF6DEA00806BC2 /* JosefinSans-Bold.ttf in Resources */ = {isa = PBXBuildFile; fileRef = 9C2826ED28EF6DEA00806BC2 /* JosefinSans-Bold.ttf */; };
		9C28270028EF6DEA00806BC2 /* JosefinSans-Light.ttf in Resources */ = {isa = PBXBuildFile; fileRef = 9C2826EE28EF6DEA00806BC2 /* JosefinSans-Light.ttf */; };
		9C28270128EF6DEA00806BC2 /* JosefinSans-LightItalic.ttf in Resources */ = {isa = PBXBuildFile; fileRef = 9C2826EF28EF6DEA00806BC2 /* JosefinSans-LightItalic.ttf */; };
		9C28270228EF6DEA00806BC2 /* JosefinSans-MediumItalic.ttf in Resources */ = {isa = PBXBuildFile; fileRef = 9C2826F028EF6DEA00806BC2 /* JosefinSans-MediumItalic.ttf */; };
		9C28270328EF6DEA00806BC2 /* JosefinSans-SemiBold.ttf in Resources */ = {isa = PBXBuildFile; fileRef = 9C2826F128EF6DEA00806BC2 /* JosefinSans-SemiBold.ttf */; };
		9C28270428EF6DEA00806BC2 /* JosefinSans-Regular.ttf in Resources */ = {isa = PBXBuildFile; fileRef = 9C2826F228EF6DEA00806BC2 /* JosefinSans-Regular.ttf */; };
		9C28270528EF6DEA00806BC2 /* JosefinSans-ExtraLightItalic.ttf in Resources */ = {isa = PBXBuildFile; fileRef = 9C2826F328EF6DEA00806BC2 /* JosefinSans-ExtraLightItalic.ttf */; };
		9C28270628EF6DEA00806BC2 /* JosefinSans-Medium.ttf in Resources */ = {isa = PBXBuildFile; fileRef = 9C2826F428EF6DEA00806BC2 /* JosefinSans-Medium.ttf */; };
		9C28270728EF6DEA00806BC2 /* JosefinSans-BoldItalic.ttf in Resources */ = {isa = PBXBuildFile; fileRef = 9C2826F528EF6DEA00806BC2 /* JosefinSans-BoldItalic.ttf */; };
		9C28270828EF6DEA00806BC2 /* JosefinSans-ThinItalic.ttf in Resources */ = {isa = PBXBuildFile; fileRef = 9C2826F628EF6DEA00806BC2 /* JosefinSans-ThinItalic.ttf */; };
		9C28270928EF6DEA00806BC2 /* JosefinSans-ExtraLight.ttf in Resources */ = {isa = PBXBuildFile; fileRef = 9C2826F728EF6DEA00806BC2 /* JosefinSans-ExtraLight.ttf */; };
		9C28270A28EF6DEA00806BC2 /* JosefinSans-SemiBoldItalic.ttf in Resources */ = {isa = PBXBuildFile; fileRef = 9C2826F828EF6DEA00806BC2 /* JosefinSans-SemiBoldItalic.ttf */; };
		9C28270B28EF6DEA00806BC2 /* JosefinSans-VariableFont_wght.ttf in Resources */ = {isa = PBXBuildFile; fileRef = 9C2826F928EF6DEA00806BC2 /* JosefinSans-VariableFont_wght.ttf */; };
		9C28270C28EF6DEA00806BC2 /* OFL.txt in Resources */ = {isa = PBXBuildFile; fileRef = 9C2826FA28EF6DEA00806BC2 /* OFL.txt */; };
		9C28270D28EF6DEA00806BC2 /* README.txt in Resources */ = {isa = PBXBuildFile; fileRef = 9C2826FB28EF6DEA00806BC2 /* README.txt */; };
		9C28271028EF755200806BC2 /* FontExtension.swift in Sources */ = {isa = PBXBuildFile; fileRef = 9C28270F28EF755200806BC2 /* FontExtension.swift */; };
		9C3CBFD72939304700AFDFFB /* LoginViewController.swift in Sources */ = {isa = PBXBuildFile; fileRef = 9C3CBFD62939304700AFDFFB /* LoginViewController.swift */; };
		9C3CBFD92939306200AFDFFB /* LoginViewModel.swift in Sources */ = {isa = PBXBuildFile; fileRef = 9C3CBFD82939306200AFDFFB /* LoginViewModel.swift */; };
		9C581BD5292C176C00CA381A /* Validation.swift in Sources */ = {isa = PBXBuildFile; fileRef = 9C581BD4292C176C00CA381A /* Validation.swift */; };
		9C6AF1FA290B1888007E20E9 /* AuthSignUpView.swift in Sources */ = {isa = PBXBuildFile; fileRef = 9C6AF1F9290B1888007E20E9 /* AuthSignUpView.swift */; };
		9C6B55852901E26100365FA9 /* AuthTextField .swift in Sources */ = {isa = PBXBuildFile; fileRef = 9C6B55842901E26100365FA9 /* AuthTextField .swift */; };
		9C751396292E8CD2009D1F01 /* UIColor+Extensions.swift in Sources */ = {isa = PBXBuildFile; fileRef = 9C751395292E8CD2009D1F01 /* UIColor+Extensions.swift */; };
		9C8862272926BE8E00EA45EC /* LoadingProtocol.swift in Sources */ = {isa = PBXBuildFile; fileRef = 9C8862262926BE8E00EA45EC /* LoadingProtocol.swift */; };
		9C8BB0662925465C0030B9F9 /* BaseViewController.swift in Sources */ = {isa = PBXBuildFile; fileRef = 9C8BB0652925465C0030B9F9 /* BaseViewController.swift */; };
		9C8BB0682925466A0030B9F9 /* BaseViewModel.swift in Sources */ = {isa = PBXBuildFile; fileRef = 9C8BB0672925466A0030B9F9 /* BaseViewModel.swift */; };
		9C8BB06B292548300030B9F9 /* Constant.swift in Sources */ = {isa = PBXBuildFile; fileRef = 9C8BB06A292548300030B9F9 /* Constant.swift */; };
		9C8BB07129254B340030B9F9 /* ActivityIndicator.swift in Sources */ = {isa = PBXBuildFile; fileRef = 9C8BB07029254B340030B9F9 /* ActivityIndicator.swift */; };
		9C8BB07329254BB80030B9F9 /* ActivityIndicatorProtocol.swift in Sources */ = {isa = PBXBuildFile; fileRef = 9C8BB07229254BB80030B9F9 /* ActivityIndicatorProtocol.swift */; };
		9C8BB07529254BF10030B9F9 /* ActivityIndicatorView.swift in Sources */ = {isa = PBXBuildFile; fileRef = 9C8BB07429254BF10030B9F9 /* ActivityIndicatorView.swift */; };
		9C8BB07829254D540030B9F9 /* ToastPresenter.swift in Sources */ = {isa = PBXBuildFile; fileRef = 9C8BB07729254D540030B9F9 /* ToastPresenter.swift */; };
		9C8BB07A29254EDB0030B9F9 /* ToastWarningView.swift in Sources */ = {isa = PBXBuildFile; fileRef = 9C8BB07929254EDB0030B9F9 /* ToastWarningView.swift */; };
		9C8C408029000D9D002FF9A7 /* PrimaryButton.swift in Sources */ = {isa = PBXBuildFile; fileRef = 9C8C407F29000D9D002FF9A7 /* PrimaryButton.swift */; };
		9CA6465A2937BC5F00AB1FC8 /* AuthResponse.swift in Sources */ = {isa = PBXBuildFile; fileRef = 9CA646592937BC5F00AB1FC8 /* AuthResponse.swift */; };
		9CA6465D2937C04B00AB1FC8 /* TokenModel.swift in Sources */ = {isa = PBXBuildFile; fileRef = 9CA6465C2937C04B00AB1FC8 /* TokenModel.swift */; };
/* End PBXBuildFile section */

/* Begin PBXFileReference section */
		7BCFB770271DDA9790F5CFBE /* Pods-Basic Note Application.debug.xcconfig */ = {isa = PBXFileReference; includeInIndex = 1; lastKnownFileType = text.xcconfig; name = "Pods-Basic Note Application.debug.xcconfig"; path = "Target Support Files/Pods-Basic Note Application/Pods-Basic Note Application.debug.xcconfig"; sourceTree = "<group>"; };
		968F56068F5F8D1C0489C415 /* Pods-Basic Note Application.release.xcconfig */ = {isa = PBXFileReference; includeInIndex = 1; lastKnownFileType = text.xcconfig; name = "Pods-Basic Note Application.release.xcconfig"; path = "Target Support Files/Pods-Basic Note Application/Pods-Basic Note Application.release.xcconfig"; sourceTree = "<group>"; };
		9C0FD6CD28D5059800F0EFF2 /* Basic Note Application.app */ = {isa = PBXFileReference; explicitFileType = wrapper.application; includeInIndex = 0; path = "Basic Note Application.app"; sourceTree = BUILT_PRODUCTS_DIR; };
		9C0FD6D028D5059800F0EFF2 /* AppDelegate.swift */ = {isa = PBXFileReference; lastKnownFileType = sourcecode.swift; path = AppDelegate.swift; sourceTree = "<group>"; };
		9C0FD6D228D5059800F0EFF2 /* SceneDelegate.swift */ = {isa = PBXFileReference; lastKnownFileType = sourcecode.swift; path = SceneDelegate.swift; sourceTree = "<group>"; };
		9C0FD6D428D5059800F0EFF2 /* RegisterViewController.swift */ = {isa = PBXFileReference; lastKnownFileType = sourcecode.swift; path = RegisterViewController.swift; sourceTree = "<group>"; };
		9C0FD6D928D5059E00F0EFF2 /* Assets.xcassets */ = {isa = PBXFileReference; lastKnownFileType = folder.assetcatalog; path = Assets.xcassets; sourceTree = "<group>"; };
		9C0FD6DC28D5059E00F0EFF2 /* Base */ = {isa = PBXFileReference; lastKnownFileType = file.storyboard; name = Base; path = Base.lproj/LaunchScreen.storyboard; sourceTree = "<group>"; };
		9C0FD6DE28D5059E00F0EFF2 /* Info.plist */ = {isa = PBXFileReference; lastKnownFileType = text.plist.xml; path = Info.plist; sourceTree = "<group>"; };
		9C0FD6E428D505F300F0EFF2 /* RegisterViewModel.swift */ = {isa = PBXFileReference; lastKnownFileType = sourcecode.swift; path = RegisterViewModel.swift; sourceTree = "<group>"; };
		9C2826E928EF6DEA00806BC2 /* JosefinSans-Italic-VariableFont_wght.ttf */ = {isa = PBXFileReference; lastKnownFileType = file; path = "JosefinSans-Italic-VariableFont_wght.ttf"; sourceTree = "<group>"; };
		9C2826EB28EF6DEA00806BC2 /* JosefinSans-Italic.ttf */ = {isa = PBXFileReference; lastKnownFileType = file; path = "JosefinSans-Italic.ttf"; sourceTree = "<group>"; };
		9C2826EC28EF6DEA00806BC2 /* JosefinSans-Thin.ttf */ = {isa = PBXFileReference; lastKnownFileType = file; path = "JosefinSans-Thin.ttf"; sourceTree = "<group>"; };
		9C2826ED28EF6DEA00806BC2 /* JosefinSans-Bold.ttf */ = {isa = PBXFileReference; lastKnownFileType = file; path = "JosefinSans-Bold.ttf"; sourceTree = "<group>"; };
		9C2826EE28EF6DEA00806BC2 /* JosefinSans-Light.ttf */ = {isa = PBXFileReference; lastKnownFileType = file; path = "JosefinSans-Light.ttf"; sourceTree = "<group>"; };
		9C2826EF28EF6DEA00806BC2 /* JosefinSans-LightItalic.ttf */ = {isa = PBXFileReference; lastKnownFileType = file; path = "JosefinSans-LightItalic.ttf"; sourceTree = "<group>"; };
		9C2826F028EF6DEA00806BC2 /* JosefinSans-MediumItalic.ttf */ = {isa = PBXFileReference; lastKnownFileType = file; path = "JosefinSans-MediumItalic.ttf"; sourceTree = "<group>"; };
		9C2826F128EF6DEA00806BC2 /* JosefinSans-SemiBold.ttf */ = {isa = PBXFileReference; lastKnownFileType = file; path = "JosefinSans-SemiBold.ttf"; sourceTree = "<group>"; };
		9C2826F228EF6DEA00806BC2 /* JosefinSans-Regular.ttf */ = {isa = PBXFileReference; lastKnownFileType = file; path = "JosefinSans-Regular.ttf"; sourceTree = "<group>"; };
		9C2826F328EF6DEA00806BC2 /* JosefinSans-ExtraLightItalic.ttf */ = {isa = PBXFileReference; lastKnownFileType = file; path = "JosefinSans-ExtraLightItalic.ttf"; sourceTree = "<group>"; };
		9C2826F428EF6DEA00806BC2 /* JosefinSans-Medium.ttf */ = {isa = PBXFileReference; lastKnownFileType = file; path = "JosefinSans-Medium.ttf"; sourceTree = "<group>"; };
		9C2826F528EF6DEA00806BC2 /* JosefinSans-BoldItalic.ttf */ = {isa = PBXFileReference; lastKnownFileType = file; path = "JosefinSans-BoldItalic.ttf"; sourceTree = "<group>"; };
		9C2826F628EF6DEA00806BC2 /* JosefinSans-ThinItalic.ttf */ = {isa = PBXFileReference; lastKnownFileType = file; path = "JosefinSans-ThinItalic.ttf"; sourceTree = "<group>"; };
		9C2826F728EF6DEA00806BC2 /* JosefinSans-ExtraLight.ttf */ = {isa = PBXFileReference; lastKnownFileType = file; path = "JosefinSans-ExtraLight.ttf"; sourceTree = "<group>"; };
		9C2826F828EF6DEA00806BC2 /* JosefinSans-SemiBoldItalic.ttf */ = {isa = PBXFileReference; lastKnownFileType = file; path = "JosefinSans-SemiBoldItalic.ttf"; sourceTree = "<group>"; };
		9C2826F928EF6DEA00806BC2 /* JosefinSans-VariableFont_wght.ttf */ = {isa = PBXFileReference; lastKnownFileType = file; path = "JosefinSans-VariableFont_wght.ttf"; sourceTree = "<group>"; };
		9C2826FA28EF6DEA00806BC2 /* OFL.txt */ = {isa = PBXFileReference; fileEncoding = 4; lastKnownFileType = text; path = OFL.txt; sourceTree = "<group>"; };
		9C2826FB28EF6DEA00806BC2 /* README.txt */ = {isa = PBXFileReference; fileEncoding = 4; lastKnownFileType = text; path = README.txt; sourceTree = "<group>"; };
		9C28270F28EF755200806BC2 /* FontExtension.swift */ = {isa = PBXFileReference; lastKnownFileType = sourcecode.swift; path = FontExtension.swift; sourceTree = "<group>"; };
		9C3CBFD62939304700AFDFFB /* LoginViewController.swift */ = {isa = PBXFileReference; lastKnownFileType = sourcecode.swift; path = LoginViewController.swift; sourceTree = "<group>"; };
		9C3CBFD82939306200AFDFFB /* LoginViewModel.swift */ = {isa = PBXFileReference; lastKnownFileType = sourcecode.swift; path = LoginViewModel.swift; sourceTree = "<group>"; };
		9C581BD4292C176C00CA381A /* Validation.swift */ = {isa = PBXFileReference; lastKnownFileType = sourcecode.swift; path = Validation.swift; sourceTree = "<group>"; };
		9C6AF1F9290B1888007E20E9 /* AuthSignUpView.swift */ = {isa = PBXFileReference; lastKnownFileType = sourcecode.swift; path = AuthSignUpView.swift; sourceTree = "<group>"; };
		9C6B55842901E26100365FA9 /* AuthTextField .swift */ = {isa = PBXFileReference; lastKnownFileType = sourcecode.swift; path = "AuthTextField .swift"; sourceTree = "<group>"; };
		9C751395292E8CD2009D1F01 /* UIColor+Extensions.swift */ = {isa = PBXFileReference; lastKnownFileType = sourcecode.swift; path = "UIColor+Extensions.swift"; sourceTree = "<group>"; };
		9C8862262926BE8E00EA45EC /* LoadingProtocol.swift */ = {isa = PBXFileReference; lastKnownFileType = sourcecode.swift; path = LoadingProtocol.swift; sourceTree = "<group>"; };
		9C8BB0652925465C0030B9F9 /* BaseViewController.swift */ = {isa = PBXFileReference; lastKnownFileType = sourcecode.swift; path = BaseViewController.swift; sourceTree = "<group>"; };
		9C8BB0672925466A0030B9F9 /* BaseViewModel.swift */ = {isa = PBXFileReference; lastKnownFileType = sourcecode.swift; path = BaseViewModel.swift; sourceTree = "<group>"; };
		9C8BB06A292548300030B9F9 /* Constant.swift */ = {isa = PBXFileReference; lastKnownFileType = sourcecode.swift; path = Constant.swift; sourceTree = "<group>"; };
		9C8BB07029254B340030B9F9 /* ActivityIndicator.swift */ = {isa = PBXFileReference; lastKnownFileType = sourcecode.swift; path = ActivityIndicator.swift; sourceTree = "<group>"; };
		9C8BB07229254BB80030B9F9 /* ActivityIndicatorProtocol.swift */ = {isa = PBXFileReference; lastKnownFileType = sourcecode.swift; path = ActivityIndicatorProtocol.swift; sourceTree = "<group>"; };
		9C8BB07429254BF10030B9F9 /* ActivityIndicatorView.swift */ = {isa = PBXFileReference; lastKnownFileType = sourcecode.swift; path = ActivityIndicatorView.swift; sourceTree = "<group>"; };
		9C8BB07729254D540030B9F9 /* ToastPresenter.swift */ = {isa = PBXFileReference; lastKnownFileType = sourcecode.swift; path = ToastPresenter.swift; sourceTree = "<group>"; };
		9C8BB07929254EDB0030B9F9 /* ToastWarningView.swift */ = {isa = PBXFileReference; lastKnownFileType = sourcecode.swift; path = ToastWarningView.swift; sourceTree = "<group>"; };
		9C8C407F29000D9D002FF9A7 /* PrimaryButton.swift */ = {isa = PBXFileReference; lastKnownFileType = sourcecode.swift; path = PrimaryButton.swift; sourceTree = "<group>"; };
		9CA646592937BC5F00AB1FC8 /* AuthResponse.swift */ = {isa = PBXFileReference; lastKnownFileType = sourcecode.swift; path = AuthResponse.swift; sourceTree = "<group>"; };
		9CA6465C2937C04B00AB1FC8 /* TokenModel.swift */ = {isa = PBXFileReference; lastKnownFileType = sourcecode.swift; path = TokenModel.swift; sourceTree = "<group>"; };
		D3EDDE0E0456ACAB0A51CA4D /* Pods_Basic_Note_Application.framework */ = {isa = PBXFileReference; explicitFileType = wrapper.framework; includeInIndex = 0; path = Pods_Basic_Note_Application.framework; sourceTree = BUILT_PRODUCTS_DIR; };
/* End PBXFileReference section */

/* Begin PBXFrameworksBuildPhase section */
		9C0FD6CA28D5059800F0EFF2 /* Frameworks */ = {
			isa = PBXFrameworksBuildPhase;
			buildActionMask = 2147483647;
			files = (
				6B6B418E09CF4B57615B645D /* Pods_Basic_Note_Application.framework in Frameworks */,
			);
			runOnlyForDeploymentPostprocessing = 0;
		};
/* End PBXFrameworksBuildPhase section */

/* Begin PBXGroup section */
		32B94EA9B86591D378B7DF0E /* Pods */ = {
			isa = PBXGroup;
			children = (
				7BCFB770271DDA9790F5CFBE /* Pods-Basic Note Application.debug.xcconfig */,
				968F56068F5F8D1C0489C415 /* Pods-Basic Note Application.release.xcconfig */,
			);
			path = Pods;
			sourceTree = "<group>";
		};
		9C0FD6C428D5059700F0EFF2 = {
			isa = PBXGroup;
			children = (
				9C0FD6CF28D5059800F0EFF2 /* Basic Note Application */,
				9C0FD6CE28D5059800F0EFF2 /* Products */,
				32B94EA9B86591D378B7DF0E /* Pods */,
				B28C10A56A82FA2E509D5484 /* Frameworks */,
			);
			sourceTree = "<group>";
		};
		9C0FD6CE28D5059800F0EFF2 /* Products */ = {
			isa = PBXGroup;
			children = (
				9C0FD6CD28D5059800F0EFF2 /* Basic Note Application.app */,
			);
			name = Products;
			sourceTree = "<group>";
		};
		9C0FD6CF28D5059800F0EFF2 /* Basic Note Application */ = {
			isa = PBXGroup;
			children = (
				9C0FD6D028D5059800F0EFF2 /* AppDelegate.swift */,
				9C0FD6D228D5059800F0EFF2 /* SceneDelegate.swift */,
				9C581BD4292C176C00CA381A /* Validation.swift */,
				9C8BB06C29254AB00030B9F9 /* Protocol */,
				9C8BB0692925481B0030B9F9 /* Constant */,
				9C8BB063292546300030B9F9 /* Scenes */,
				9CA646552937B7A400AB1FC8 /* Network */,
				9C0FD6D928D5059E00F0EFF2 /* Assets.xcassets */,
				9C0FD6DB28D5059E00F0EFF2 /* LaunchScreen.storyboard */,
				9C8C407E29000C88002FF9A7 /* UIComponent */,
				9C28270E28EF753C00806BC2 /* Extension */,
				9C2826C128EF6D8300806BC2 /* fonts */,
				9C0FD6DE28D5059E00F0EFF2 /* Info.plist */,
			);
			path = "Basic Note Application";
			sourceTree = "<group>";
		};
		9C2826C128EF6D8300806BC2 /* fonts */ = {
			isa = PBXGroup;
			children = (
				9C2826E828EF6DEA00806BC2 /* Josefin_Sans */,
			);
			path = fonts;
			sourceTree = "<group>";
		};
		9C2826E828EF6DEA00806BC2 /* Josefin_Sans */ = {
			isa = PBXGroup;
			children = (
				9C2826E928EF6DEA00806BC2 /* JosefinSans-Italic-VariableFont_wght.ttf */,
				9C2826EA28EF6DEA00806BC2 /* static */,
				9C2826F928EF6DEA00806BC2 /* JosefinSans-VariableFont_wght.ttf */,
				9C2826FA28EF6DEA00806BC2 /* OFL.txt */,
				9C2826FB28EF6DEA00806BC2 /* README.txt */,
			);
			path = Josefin_Sans;
			sourceTree = "<group>";
		};
		9C2826EA28EF6DEA00806BC2 /* static */ = {
			isa = PBXGroup;
			children = (
				9C2826EB28EF6DEA00806BC2 /* JosefinSans-Italic.ttf */,
				9C2826EC28EF6DEA00806BC2 /* JosefinSans-Thin.ttf */,
				9C2826ED28EF6DEA00806BC2 /* JosefinSans-Bold.ttf */,
				9C2826EE28EF6DEA00806BC2 /* JosefinSans-Light.ttf */,
				9C2826EF28EF6DEA00806BC2 /* JosefinSans-LightItalic.ttf */,
				9C2826F028EF6DEA00806BC2 /* JosefinSans-MediumItalic.ttf */,
				9C2826F128EF6DEA00806BC2 /* JosefinSans-SemiBold.ttf */,
				9C2826F228EF6DEA00806BC2 /* JosefinSans-Regular.ttf */,
				9C2826F328EF6DEA00806BC2 /* JosefinSans-ExtraLightItalic.ttf */,
				9C2826F428EF6DEA00806BC2 /* JosefinSans-Medium.ttf */,
				9C2826F528EF6DEA00806BC2 /* JosefinSans-BoldItalic.ttf */,
				9C2826F628EF6DEA00806BC2 /* JosefinSans-ThinItalic.ttf */,
				9C2826F728EF6DEA00806BC2 /* JosefinSans-ExtraLight.ttf */,
				9C2826F828EF6DEA00806BC2 /* JosefinSans-SemiBoldItalic.ttf */,
			);
			path = static;
			sourceTree = "<group>";
		};
		9C28270E28EF753C00806BC2 /* Extension */ = {
			isa = PBXGroup;
			children = (
				9C751395292E8CD2009D1F01 /* UIColor+Extensions.swift */,
				9C28270F28EF755200806BC2 /* FontExtension.swift */,
			);
			path = Extension;
			sourceTree = "<group>";
		};
		9C3CBFD52939301D00AFDFFB /* Login */ = {
			isa = PBXGroup;
			children = (
				9C3CBFD62939304700AFDFFB /* LoginViewController.swift */,
				9C3CBFD82939306200AFDFFB /* LoginViewModel.swift */,
			);
			path = Login;
			sourceTree = "<group>";
		};
		9C8862282926C7D800EA45EC /* Auth */ = {
			isa = PBXGroup;
			children = (
				9C8862292926C7E900EA45EC /* Register */,
				9C3CBFD52939301D00AFDFFB /* Login */,
			);
			path = Auth;
			sourceTree = "<group>";
		};
		9C8862292926C7E900EA45EC /* Register */ = {
			isa = PBXGroup;
			children = (
				9C0FD6D428D5059800F0EFF2 /* RegisterViewController.swift */,
				9C0FD6E428D505F300F0EFF2 /* RegisterViewModel.swift */,
			);
			path = Register;
			sourceTree = "<group>";
		};
		9C8BB063292546300030B9F9 /* Scenes */ = {
			isa = PBXGroup;
			children = (
				9C8BB064292546420030B9F9 /* Base */,
				9C8862282926C7D800EA45EC /* Auth */,
			);
			path = Scenes;
			sourceTree = "<group>";
		};
		9C8BB064292546420030B9F9 /* Base */ = {
			isa = PBXGroup;
			children = (
				9C8BB0652925465C0030B9F9 /* BaseViewController.swift */,
				9C8BB0672925466A0030B9F9 /* BaseViewModel.swift */,
			);
			path = Base;
			sourceTree = "<group>";
		};
		9C8BB0692925481B0030B9F9 /* Constant */ = {
			isa = PBXGroup;
			children = (
				9C8BB06A292548300030B9F9 /* Constant.swift */,
			);
			path = Constant;
			sourceTree = "<group>";
		};
		9C8BB06C29254AB00030B9F9 /* Protocol */ = {
			isa = PBXGroup;
			children = (
				9C8862262926BE8E00EA45EC /* LoadingProtocol.swift */,
			);
			path = Protocol;
			sourceTree = "<group>";
		};
		9C8BB07629254D3B0030B9F9 /* Toast */ = {
			isa = PBXGroup;
			children = (
				9C8BB07729254D540030B9F9 /* ToastPresenter.swift */,
				9C8BB07929254EDB0030B9F9 /* ToastWarningView.swift */,
			);
			path = Toast;
			sourceTree = "<group>";
		};
		9C8C407E29000C88002FF9A7 /* UIComponent */ = {
			isa = PBXGroup;
			children = (
				9C8C407F29000D9D002FF9A7 /* PrimaryButton.swift */,
				9C6B55842901E26100365FA9 /* AuthTextField .swift */,
				9C6AF1F9290B1888007E20E9 /* AuthSignUpView.swift */,
				9C8BB07029254B340030B9F9 /* ActivityIndicator.swift */,
				9C8BB07229254BB80030B9F9 /* ActivityIndicatorProtocol.swift */,
				9C8BB07429254BF10030B9F9 /* ActivityIndicatorView.swift */,
				9C8BB07629254D3B0030B9F9 /* Toast */,
			);
			path = UIComponent;
			sourceTree = "<group>";
		};
		9CA646552937B7A400AB1FC8 /* Network */ = {
			isa = PBXGroup;
			children = (
				9CA6465B2937C03B00AB1FC8 /* Model */,
			);
			path = Network;
			sourceTree = "<group>";
		};
		9CA6465B2937C03B00AB1FC8 /* Model */ = {
			isa = PBXGroup;
			children = (
				9CA646592937BC5F00AB1FC8 /* AuthResponse.swift */,
				9CA6465C2937C04B00AB1FC8 /* TokenModel.swift */,
			);
			path = Model;
			sourceTree = "<group>";
		};
		B28C10A56A82FA2E509D5484 /* Frameworks */ = {
			isa = PBXGroup;
			children = (
				D3EDDE0E0456ACAB0A51CA4D /* Pods_Basic_Note_Application.framework */,
			);
			name = Frameworks;
			sourceTree = "<group>";
		};
/* End PBXGroup section */

/* Begin PBXNativeTarget section */
		9C0FD6CC28D5059800F0EFF2 /* Basic Note Application */ = {
			isa = PBXNativeTarget;
			buildConfigurationList = 9C0FD6E128D5059E00F0EFF2 /* Build configuration list for PBXNativeTarget "Basic Note Application" */;
			buildPhases = (
				D1E0E895A2135D90A85446A5 /* [CP] Check Pods Manifest.lock */,
				9C0FD6C928D5059800F0EFF2 /* Sources */,
				9C0FD6CA28D5059800F0EFF2 /* Frameworks */,
				9C0FD6CB28D5059800F0EFF2 /* Resources */,
				6FE54E9694D63CB92CAFC83A /* [CP] Embed Pods Frameworks */,
			);
			buildRules = (
			);
			dependencies = (
			);
			name = "Basic Note Application";
			productName = "Basic Note Application";
			productReference = 9C0FD6CD28D5059800F0EFF2 /* Basic Note Application.app */;
			productType = "com.apple.product-type.application";
		};
/* End PBXNativeTarget section */

/* Begin PBXProject section */
		9C0FD6C528D5059800F0EFF2 /* Project object */ = {
			isa = PBXProject;
			attributes = {
				BuildIndependentTargetsInParallel = 1;
				LastSwiftUpdateCheck = 1340;
				LastUpgradeCheck = 1340;
				TargetAttributes = {
					9C0FD6CC28D5059800F0EFF2 = {
						CreatedOnToolsVersion = 13.4.1;
					};
				};
			};
			buildConfigurationList = 9C0FD6C828D5059800F0EFF2 /* Build configuration list for PBXProject "Basic Note Application" */;
			compatibilityVersion = "Xcode 13.0";
			developmentRegion = en;
			hasScannedForEncodings = 0;
			knownRegions = (
				en,
				Base,
			);
			mainGroup = 9C0FD6C428D5059700F0EFF2;
			productRefGroup = 9C0FD6CE28D5059800F0EFF2 /* Products */;
			projectDirPath = "";
			projectRoot = "";
			targets = (
				9C0FD6CC28D5059800F0EFF2 /* Basic Note Application */,
			);
		};
/* End PBXProject section */

/* Begin PBXResourcesBuildPhase section */
		9C0FD6CB28D5059800F0EFF2 /* Resources */ = {
			isa = PBXResourcesBuildPhase;
			buildActionMask = 2147483647;
			files = (
				9C2826FD28EF6DEA00806BC2 /* JosefinSans-Italic.ttf in Resources */,
				9C0FD6DD28D5059E00F0EFF2 /* LaunchScreen.storyboard in Resources */,
				9C28270A28EF6DEA00806BC2 /* JosefinSans-SemiBoldItalic.ttf in Resources */,
				9C28270928EF6DEA00806BC2 /* JosefinSans-ExtraLight.ttf in Resources */,
				9C2826FC28EF6DEA00806BC2 /* JosefinSans-Italic-VariableFont_wght.ttf in Resources */,
				9C28270328EF6DEA00806BC2 /* JosefinSans-SemiBold.ttf in Resources */,
				9C28270528EF6DEA00806BC2 /* JosefinSans-ExtraLightItalic.ttf in Resources */,
				9C0FD6DA28D5059E00F0EFF2 /* Assets.xcassets in Resources */,
				9C28270628EF6DEA00806BC2 /* JosefinSans-Medium.ttf in Resources */,
				9C28270C28EF6DEA00806BC2 /* OFL.txt in Resources */,
				9C28270728EF6DEA00806BC2 /* JosefinSans-BoldItalic.ttf in Resources */,
				9C28270228EF6DEA00806BC2 /* JosefinSans-MediumItalic.ttf in Resources */,
				9C2826FE28EF6DEA00806BC2 /* JosefinSans-Thin.ttf in Resources */,
				9C28270428EF6DEA00806BC2 /* JosefinSans-Regular.ttf in Resources */,
				9C28270D28EF6DEA00806BC2 /* README.txt in Resources */,
				9C28270128EF6DEA00806BC2 /* JosefinSans-LightItalic.ttf in Resources */,
				9C2826FF28EF6DEA00806BC2 /* JosefinSans-Bold.ttf in Resources */,
				9C28270028EF6DEA00806BC2 /* JosefinSans-Light.ttf in Resources */,
				9C28270828EF6DEA00806BC2 /* JosefinSans-ThinItalic.ttf in Resources */,
				9C28270B28EF6DEA00806BC2 /* JosefinSans-VariableFont_wght.ttf in Resources */,
			);
			runOnlyForDeploymentPostprocessing = 0;
		};
/* End PBXResourcesBuildPhase section */

/* Begin PBXShellScriptBuildPhase section */
		6FE54E9694D63CB92CAFC83A /* [CP] Embed Pods Frameworks */ = {
			isa = PBXShellScriptBuildPhase;
			buildActionMask = 12;
			files = (
			);
			inputFileListPaths = (
				"${PODS_ROOT}/Target Support Files/Pods-Basic Note Application/Pods-Basic Note Application-frameworks-${CONFIGURATION}-input-files.xcfilelist",
			);
			name = "[CP] Embed Pods Frameworks";
			outputFileListPaths = (
				"${PODS_ROOT}/Target Support Files/Pods-Basic Note Application/Pods-Basic Note Application-frameworks-${CONFIGURATION}-output-files.xcfilelist",
			);
			runOnlyForDeploymentPostprocessing = 0;
			shellPath = /bin/sh;
			shellScript = "\"${PODS_ROOT}/Target Support Files/Pods-Basic Note Application/Pods-Basic Note Application-frameworks.sh\"\n";
			showEnvVarsInLog = 0;
		};
		D1E0E895A2135D90A85446A5 /* [CP] Check Pods Manifest.lock */ = {
			isa = PBXShellScriptBuildPhase;
			buildActionMask = 2147483647;
			files = (
			);
			inputFileListPaths = (
			);
			inputPaths = (
				"${PODS_PODFILE_DIR_PATH}/Podfile.lock",
				"${PODS_ROOT}/Manifest.lock",
			);
			name = "[CP] Check Pods Manifest.lock";
			outputFileListPaths = (
			);
			outputPaths = (
				"$(DERIVED_FILE_DIR)/Pods-Basic Note Application-checkManifestLockResult.txt",
			);
			runOnlyForDeploymentPostprocessing = 0;
			shellPath = /bin/sh;
			shellScript = "diff \"${PODS_PODFILE_DIR_PATH}/Podfile.lock\" \"${PODS_ROOT}/Manifest.lock\" > /dev/null\nif [ $? != 0 ] ; then\n    # print error to STDERR\n    echo \"error: The sandbox is not in sync with the Podfile.lock. Run 'pod install' or update your CocoaPods installation.\" >&2\n    exit 1\nfi\n# This output is used by Xcode 'outputs' to avoid re-running this script phase.\necho \"SUCCESS\" > \"${SCRIPT_OUTPUT_FILE_0}\"\n";
			showEnvVarsInLog = 0;
		};
/* End PBXShellScriptBuildPhase section */

/* Begin PBXSourcesBuildPhase section */
		9C0FD6C928D5059800F0EFF2 /* Sources */ = {
			isa = PBXSourcesBuildPhase;
			buildActionMask = 2147483647;
			files = (
				9C3CBFD92939306200AFDFFB /* LoginViewModel.swift in Sources */,
				9C8862272926BE8E00EA45EC /* LoadingProtocol.swift in Sources */,
				9C6B55852901E26100365FA9 /* AuthTextField .swift in Sources */,
				9C8BB0682925466A0030B9F9 /* BaseViewModel.swift in Sources */,
				9C8BB07829254D540030B9F9 /* ToastPresenter.swift in Sources */,
				9C581BD5292C176C00CA381A /* Validation.swift in Sources */,
				9C28271028EF755200806BC2 /* FontExtension.swift in Sources */,
				9C6AF1FA290B1888007E20E9 /* AuthSignUpView.swift in Sources */,
				9C8BB07129254B340030B9F9 /* ActivityIndicator.swift in Sources */,
				9C0FD6D528D5059800F0EFF2 /* RegisterViewController.swift in Sources */,
				9C8BB07529254BF10030B9F9 /* ActivityIndicatorView.swift in Sources */,
				9C3CBFD72939304700AFDFFB /* LoginViewController.swift in Sources */,
				9C751396292E8CD2009D1F01 /* UIColor+Extensions.swift in Sources */,
				9C8BB07329254BB80030B9F9 /* ActivityIndicatorProtocol.swift in Sources */,
				9C8C408029000D9D002FF9A7 /* PrimaryButton.swift in Sources */,
				9C8BB0662925465C0030B9F9 /* BaseViewController.swift in Sources */,
				9C0FD6D128D5059800F0EFF2 /* AppDelegate.swift in Sources */,
				9C8BB06B292548300030B9F9 /* Constant.swift in Sources */,
				9CA6465D2937C04B00AB1FC8 /* TokenModel.swift in Sources */,
				9C0FD6E528D505F300F0EFF2 /* RegisterViewModel.swift in Sources */,
				9CA6465A2937BC5F00AB1FC8 /* AuthResponse.swift in Sources */,
				9C0FD6D328D5059800F0EFF2 /* SceneDelegate.swift in Sources */,
				9C8BB07A29254EDB0030B9F9 /* ToastWarningView.swift in Sources */,
			);
			runOnlyForDeploymentPostprocessing = 0;
		};
/* End PBXSourcesBuildPhase section */

/* Begin PBXVariantGroup section */
		9C0FD6DB28D5059E00F0EFF2 /* LaunchScreen.storyboard */ = {
			isa = PBXVariantGroup;
			children = (
				9C0FD6DC28D5059E00F0EFF2 /* Base */,
			);
			name = LaunchScreen.storyboard;
			sourceTree = "<group>";
		};
/* End PBXVariantGroup section */

/* Begin XCBuildConfiguration section */
		9C0FD6DF28D5059E00F0EFF2 /* Debug */ = {
			isa = XCBuildConfiguration;
			buildSettings = {
				ALWAYS_SEARCH_USER_PATHS = NO;
				CLANG_ANALYZER_NONNULL = YES;
				CLANG_ANALYZER_NUMBER_OBJECT_CONVERSION = YES_AGGRESSIVE;
				CLANG_CXX_LANGUAGE_STANDARD = "gnu++17";
				CLANG_ENABLE_MODULES = YES;
				CLANG_ENABLE_OBJC_ARC = YES;
				CLANG_ENABLE_OBJC_WEAK = YES;
				CLANG_WARN_BLOCK_CAPTURE_AUTORELEASING = YES;
				CLANG_WARN_BOOL_CONVERSION = YES;
				CLANG_WARN_COMMA = YES;
				CLANG_WARN_CONSTANT_CONVERSION = YES;
				CLANG_WARN_DEPRECATED_OBJC_IMPLEMENTATIONS = YES;
				CLANG_WARN_DIRECT_OBJC_ISA_USAGE = YES_ERROR;
				CLANG_WARN_DOCUMENTATION_COMMENTS = YES;
				CLANG_WARN_EMPTY_BODY = YES;
				CLANG_WARN_ENUM_CONVERSION = YES;
				CLANG_WARN_INFINITE_RECURSION = YES;
				CLANG_WARN_INT_CONVERSION = YES;
				CLANG_WARN_NON_LITERAL_NULL_CONVERSION = YES;
				CLANG_WARN_OBJC_IMPLICIT_RETAIN_SELF = YES;
				CLANG_WARN_OBJC_LITERAL_CONVERSION = YES;
				CLANG_WARN_OBJC_ROOT_CLASS = YES_ERROR;
				CLANG_WARN_QUOTED_INCLUDE_IN_FRAMEWORK_HEADER = YES;
				CLANG_WARN_RANGE_LOOP_ANALYSIS = YES;
				CLANG_WARN_STRICT_PROTOTYPES = YES;
				CLANG_WARN_SUSPICIOUS_MOVE = YES;
				CLANG_WARN_UNGUARDED_AVAILABILITY = YES_AGGRESSIVE;
				CLANG_WARN_UNREACHABLE_CODE = YES;
				CLANG_WARN__DUPLICATE_METHOD_MATCH = YES;
				COPY_PHASE_STRIP = NO;
				DEBUG_INFORMATION_FORMAT = dwarf;
				ENABLE_STRICT_OBJC_MSGSEND = YES;
				ENABLE_TESTABILITY = YES;
				GCC_C_LANGUAGE_STANDARD = gnu11;
				GCC_DYNAMIC_NO_PIC = NO;
				GCC_NO_COMMON_BLOCKS = YES;
				GCC_OPTIMIZATION_LEVEL = 0;
				GCC_PREPROCESSOR_DEFINITIONS = (
					"DEBUG=1",
					"$(inherited)",
				);
				GCC_WARN_64_TO_32_BIT_CONVERSION = YES;
				GCC_WARN_ABOUT_RETURN_TYPE = YES_ERROR;
				GCC_WARN_UNDECLARED_SELECTOR = YES;
				GCC_WARN_UNINITIALIZED_AUTOS = YES_AGGRESSIVE;
				GCC_WARN_UNUSED_FUNCTION = YES;
				GCC_WARN_UNUSED_VARIABLE = YES;
				IPHONEOS_DEPLOYMENT_TARGET = 11.0;
				MTL_ENABLE_DEBUG_INFO = INCLUDE_SOURCE;
				MTL_FAST_MATH = YES;
				ONLY_ACTIVE_ARCH = YES;
				SDKROOT = iphoneos;
				SWIFT_ACTIVE_COMPILATION_CONDITIONS = DEBUG;
				SWIFT_OPTIMIZATION_LEVEL = "-Onone";
			};
			name = Debug;
		};
		9C0FD6E028D5059E00F0EFF2 /* Release */ = {
			isa = XCBuildConfiguration;
			buildSettings = {
				ALWAYS_SEARCH_USER_PATHS = NO;
				CLANG_ANALYZER_NONNULL = YES;
				CLANG_ANALYZER_NUMBER_OBJECT_CONVERSION = YES_AGGRESSIVE;
				CLANG_CXX_LANGUAGE_STANDARD = "gnu++17";
				CLANG_ENABLE_MODULES = YES;
				CLANG_ENABLE_OBJC_ARC = YES;
				CLANG_ENABLE_OBJC_WEAK = YES;
				CLANG_WARN_BLOCK_CAPTURE_AUTORELEASING = YES;
				CLANG_WARN_BOOL_CONVERSION = YES;
				CLANG_WARN_COMMA = YES;
				CLANG_WARN_CONSTANT_CONVERSION = YES;
				CLANG_WARN_DEPRECATED_OBJC_IMPLEMENTATIONS = YES;
				CLANG_WARN_DIRECT_OBJC_ISA_USAGE = YES_ERROR;
				CLANG_WARN_DOCUMENTATION_COMMENTS = YES;
				CLANG_WARN_EMPTY_BODY = YES;
				CLANG_WARN_ENUM_CONVERSION = YES;
				CLANG_WARN_INFINITE_RECURSION = YES;
				CLANG_WARN_INT_CONVERSION = YES;
				CLANG_WARN_NON_LITERAL_NULL_CONVERSION = YES;
				CLANG_WARN_OBJC_IMPLICIT_RETAIN_SELF = YES;
				CLANG_WARN_OBJC_LITERAL_CONVERSION = YES;
				CLANG_WARN_OBJC_ROOT_CLASS = YES_ERROR;
				CLANG_WARN_QUOTED_INCLUDE_IN_FRAMEWORK_HEADER = YES;
				CLANG_WARN_RANGE_LOOP_ANALYSIS = YES;
				CLANG_WARN_STRICT_PROTOTYPES = YES;
				CLANG_WARN_SUSPICIOUS_MOVE = YES;
				CLANG_WARN_UNGUARDED_AVAILABILITY = YES_AGGRESSIVE;
				CLANG_WARN_UNREACHABLE_CODE = YES;
				CLANG_WARN__DUPLICATE_METHOD_MATCH = YES;
				COPY_PHASE_STRIP = NO;
				DEBUG_INFORMATION_FORMAT = "dwarf-with-dsym";
				ENABLE_NS_ASSERTIONS = NO;
				ENABLE_STRICT_OBJC_MSGSEND = YES;
				GCC_C_LANGUAGE_STANDARD = gnu11;
				GCC_NO_COMMON_BLOCKS = YES;
				GCC_WARN_64_TO_32_BIT_CONVERSION = YES;
				GCC_WARN_ABOUT_RETURN_TYPE = YES_ERROR;
				GCC_WARN_UNDECLARED_SELECTOR = YES;
				GCC_WARN_UNINITIALIZED_AUTOS = YES_AGGRESSIVE;
				GCC_WARN_UNUSED_FUNCTION = YES;
				GCC_WARN_UNUSED_VARIABLE = YES;
				IPHONEOS_DEPLOYMENT_TARGET = 11.0;
				MTL_ENABLE_DEBUG_INFO = NO;
				MTL_FAST_MATH = YES;
				SDKROOT = iphoneos;
				SWIFT_COMPILATION_MODE = wholemodule;
				SWIFT_OPTIMIZATION_LEVEL = "-O";
				VALIDATE_PRODUCT = YES;
			};
			name = Release;
		};
		9C0FD6E228D5059E00F0EFF2 /* Debug */ = {
			isa = XCBuildConfiguration;
			baseConfigurationReference = 7BCFB770271DDA9790F5CFBE /* Pods-Basic Note Application.debug.xcconfig */;
			buildSettings = {
				ASSETCATALOG_COMPILER_APPICON_NAME = AppIcon;
				ASSETCATALOG_COMPILER_GLOBAL_ACCENT_COLOR_NAME = AccentColor;
				CODE_SIGN_STYLE = Automatic;
				CURRENT_PROJECT_VERSION = 1;
				DEVELOPMENT_TEAM = 9M7WKZBC84;
				GENERATE_INFOPLIST_FILE = YES;
				INFOPLIST_FILE = "Basic Note Application/Info.plist";
				INFOPLIST_KEY_UIApplicationSupportsIndirectInputEvents = YES;
				INFOPLIST_KEY_UILaunchStoryboardName = LaunchScreen;
				INFOPLIST_KEY_UISupportedInterfaceOrientations_iPad = "UIInterfaceOrientationPortrait UIInterfaceOrientationPortraitUpsideDown UIInterfaceOrientationLandscapeLeft UIInterfaceOrientationLandscapeRight";
				INFOPLIST_KEY_UISupportedInterfaceOrientations_iPhone = "UIInterfaceOrientationPortrait UIInterfaceOrientationLandscapeLeft UIInterfaceOrientationLandscapeRight";
				IPHONEOS_DEPLOYMENT_TARGET = 11.0;
				LD_RUNPATH_SEARCH_PATHS = (
					"$(inherited)",
					"@executable_path/Frameworks",
				);
				MARKETING_VERSION = 1.0;
				PRODUCT_BUNDLE_IDENTIFIER = "com.ibrahimkultepe.Basic-Note-Application";
				PRODUCT_NAME = "$(TARGET_NAME)";
				SWIFT_EMIT_LOC_STRINGS = YES;
				SWIFT_VERSION = 5.0;
				TARGETED_DEVICE_FAMILY = 1;
			};
			name = Debug;
		};
		9C0FD6E328D5059E00F0EFF2 /* Release */ = {
			isa = XCBuildConfiguration;
			baseConfigurationReference = 968F56068F5F8D1C0489C415 /* Pods-Basic Note Application.release.xcconfig */;
			buildSettings = {
				ASSETCATALOG_COMPILER_APPICON_NAME = AppIcon;
				ASSETCATALOG_COMPILER_GLOBAL_ACCENT_COLOR_NAME = AccentColor;
				CODE_SIGN_STYLE = Automatic;
				CURRENT_PROJECT_VERSION = 1;
				DEVELOPMENT_TEAM = 9M7WKZBC84;
				GENERATE_INFOPLIST_FILE = YES;
				INFOPLIST_FILE = "Basic Note Application/Info.plist";
				INFOPLIST_KEY_UIApplicationSupportsIndirectInputEvents = YES;
				INFOPLIST_KEY_UILaunchStoryboardName = LaunchScreen;
				INFOPLIST_KEY_UISupportedInterfaceOrientations_iPad = "UIInterfaceOrientationPortrait UIInterfaceOrientationPortraitUpsideDown UIInterfaceOrientationLandscapeLeft UIInterfaceOrientationLandscapeRight";
				INFOPLIST_KEY_UISupportedInterfaceOrientations_iPhone = "UIInterfaceOrientationPortrait UIInterfaceOrientationLandscapeLeft UIInterfaceOrientationLandscapeRight";
				IPHONEOS_DEPLOYMENT_TARGET = 11.0;
				LD_RUNPATH_SEARCH_PATHS = (
					"$(inherited)",
					"@executable_path/Frameworks",
				);
				MARKETING_VERSION = 1.0;
				PRODUCT_BUNDLE_IDENTIFIER = "com.ibrahimkultepe.Basic-Note-Application";
				PRODUCT_NAME = "$(TARGET_NAME)";
				SWIFT_EMIT_LOC_STRINGS = YES;
				SWIFT_VERSION = 5.0;
				TARGETED_DEVICE_FAMILY = 1;
			};
			name = Release;
		};
/* End XCBuildConfiguration section */

/* Begin XCConfigurationList section */
		9C0FD6C828D5059800F0EFF2 /* Build configuration list for PBXProject "Basic Note Application" */ = {
			isa = XCConfigurationList;
			buildConfigurations = (
				9C0FD6DF28D5059E00F0EFF2 /* Debug */,
				9C0FD6E028D5059E00F0EFF2 /* Release */,
			);
			defaultConfigurationIsVisible = 0;
			defaultConfigurationName = Release;
		};
		9C0FD6E128D5059E00F0EFF2 /* Build configuration list for PBXNativeTarget "Basic Note Application" */ = {
			isa = XCConfigurationList;
			buildConfigurations = (
				9C0FD6E228D5059E00F0EFF2 /* Debug */,
				9C0FD6E328D5059E00F0EFF2 /* Release */,
			);
			defaultConfigurationIsVisible = 0;
			defaultConfigurationName = Release;
		};
/* End XCConfigurationList section */
	};
	rootObject = 9C0FD6C528D5059800F0EFF2 /* Project object */;
}
